// !$*UTF8*$!
{
	archiveVersion = 1;
	classes = {
	};
	objectVersion = 46;
	objects = {

/* Begin PBXBuildFile section */
		411233A01E929FA8004064FA /* AZViewer.h in Headers */ = {isa = PBXBuildFile; fileRef = 4112339E1E929FA8004064FA /* AZViewer.h */; settings = {ATTRIBUTES = (Public, ); }; };
		411233AD1E929FD9004064FA /* AppDelegate.swift in Sources */ = {isa = PBXBuildFile; fileRef = 411233AC1E929FD9004064FA /* AppDelegate.swift */; };
		411233AF1E929FD9004064FA /* ViewController.swift in Sources */ = {isa = PBXBuildFile; fileRef = 411233AE1E929FD9004064FA /* ViewController.swift */; };
		411233B21E929FD9004064FA /* Main.storyboard in Resources */ = {isa = PBXBuildFile; fileRef = 411233B01E929FD9004064FA /* Main.storyboard */; };
		411233B41E929FD9004064FA /* Assets.xcassets in Resources */ = {isa = PBXBuildFile; fileRef = 411233B31E929FD9004064FA /* Assets.xcassets */; };
		411233B71E929FD9004064FA /* LaunchScreen.storyboard in Resources */ = {isa = PBXBuildFile; fileRef = 411233B51E929FD9004064FA /* LaunchScreen.storyboard */; };
		411233BD1E92A04C004064FA /* Assets.xcassets in Resources */ = {isa = PBXBuildFile; fileRef = 411233BC1E92A04C004064FA /* Assets.xcassets */; };
		411233C31E92A05C004064FA /* IRANSansMobile(FaNum)_Bold.ttf in Resources */ = {isa = PBXBuildFile; fileRef = 411233BE1E92A05C004064FA /* IRANSansMobile(FaNum)_Bold.ttf */; };
		411233C41E92A05C004064FA /* IRANSansMobile(FaNum)_Light.ttf in Resources */ = {isa = PBXBuildFile; fileRef = 411233BF1E92A05C004064FA /* IRANSansMobile(FaNum)_Light.ttf */; };
		411233C51E92A05C004064FA /* IRANSansMobile(FaNum)_Medium.ttf in Resources */ = {isa = PBXBuildFile; fileRef = 411233C01E92A05C004064FA /* IRANSansMobile(FaNum)_Medium.ttf */; };
		411233C61E92A05C004064FA /* IRANSansMobile(FaNum)_UltraLight.ttf in Resources */ = {isa = PBXBuildFile; fileRef = 411233C11E92A05C004064FA /* IRANSansMobile(FaNum)_UltraLight.ttf */; };
		411233C71E92A05C004064FA /* IRANSansMobile(FaNum).ttf in Resources */ = {isa = PBXBuildFile; fileRef = 411233C21E92A05C004064FA /* IRANSansMobile(FaNum).ttf */; };
		411233C91E92A098004064FA /* AZViewer.framework in Frameworks */ = {isa = PBXBuildFile; fileRef = 4112339B1E929FA8004064FA /* AZViewer.framework */; };
		411233CA1E92A098004064FA /* AZViewer.framework in Embed Frameworks */ = {isa = PBXBuildFile; fileRef = 4112339B1E929FA8004064FA /* AZViewer.framework */; settings = {ATTRIBUTES = (CodeSignOnCopy, RemoveHeadersOnCopy, ); }; };
		411233D11E92A29D004064FA /* AZBaseView.swift in Sources */ = {isa = PBXBuildFile; fileRef = 411233D01E92A29D004064FA /* AZBaseView.swift */; };
		411233D31E92A2B8004064FA /* AZView.swift in Sources */ = {isa = PBXBuildFile; fileRef = 411233D21E92A2B8004064FA /* AZView.swift */; };
		411233DA1E92B9F6004064FA /* AZHeader.swift in Sources */ = {isa = PBXBuildFile; fileRef = 411233D91E92B9F6004064FA /* AZHeader.swift */; };
		411233DC1E92BB3C004064FA /* AZConstraint.swift in Sources */ = {isa = PBXBuildFile; fileRef = 411233DB1E92BB3C004064FA /* AZConstraint.swift */; };
		411C9EED1E9A703A00AC767B /* AZStepper.swift in Sources */ = {isa = PBXBuildFile; fileRef = 411C9EEC1E9A703A00AC767B /* AZStepper.swift */; };
		4123B43B1E9A526300DA5A6A /* AZLoader.swift in Sources */ = {isa = PBXBuildFile; fileRef = 4123B43A1E9A526300DA5A6A /* AZLoader.swift */; };
		4123B43D1E9A547100DA5A6A /* AZIndicatorShape.swift in Sources */ = {isa = PBXBuildFile; fileRef = 4123B43C1E9A547100DA5A6A /* AZIndicatorShape.swift */; };
		41258C9C1E93C77C00F35AC9 /* AZStyle.swift in Sources */ = {isa = PBXBuildFile; fileRef = 41258C9B1E93C77C00F35AC9 /* AZStyle.swift */; };
		41258C9E1E93C84500F35AC9 /* AZAssets.swift in Sources */ = {isa = PBXBuildFile; fileRef = 41258C9D1E93C84500F35AC9 /* AZAssets.swift */; };
		41258CA11E93CC9F00F35AC9 /* UIColor+hex.swift in Sources */ = {isa = PBXBuildFile; fileRef = 41258CA01E93CC9F00F35AC9 /* UIColor+hex.swift */; };
		41258CA71E93D09D00F35AC9 /* AZLabel.swift in Sources */ = {isa = PBXBuildFile; fileRef = 41258CA61E93D09D00F35AC9 /* AZLabel.swift */; };
		41258CA91E93D85400F35AC9 /* AZPickerViewDelegate.swift in Sources */ = {isa = PBXBuildFile; fileRef = 41258CA81E93D85400F35AC9 /* AZPickerViewDelegate.swift */; };
		41258CAB1E93D87900F35AC9 /* AZPicker.swift in Sources */ = {isa = PBXBuildFile; fileRef = 41258CAA1E93D87900F35AC9 /* AZPicker.swift */; };
		4127709E1E9E781E00BF2D31 /* AZRadioButton.swift in Sources */ = {isa = PBXBuildFile; fileRef = 4127709D1E9E781E00BF2D31 /* AZRadioButton.swift */; };
		413402BE1E948F6200F74175 /* AZCheckBox.swift in Sources */ = {isa = PBXBuildFile; fileRef = 413402BB1E948F6200F74175 /* AZCheckBox.swift */; };
		413402BF1E948F6200F74175 /* AZCheckBoxDataSource.swift in Sources */ = {isa = PBXBuildFile; fileRef = 413402BC1E948F6200F74175 /* AZCheckBoxDataSource.swift */; };
		413402C01E948F6200F74175 /* AZCheckBoxTableViewCell.swift in Sources */ = {isa = PBXBuildFile; fileRef = 413402BD1E948F6200F74175 /* AZCheckBoxTableViewCell.swift */; };
		415D59361EA0D92B00B2E5A0 /* AZStepperDelegate.swift in Sources */ = {isa = PBXBuildFile; fileRef = 415D59351EA0D92B00B2E5A0 /* AZStepperDelegate.swift */; };
		417168D21E9505F500E30160 /* AZTextField.swift in Sources */ = {isa = PBXBuildFile; fileRef = 417168D11E9505F500E30160 /* AZTextField.swift */; };
		417168D41E95089000E30160 /* AZImageView.swift in Sources */ = {isa = PBXBuildFile; fileRef = 417168D31E95089000E30160 /* AZImageView.swift */; };
		417168E01E951FF400E30160 /* AZPopupDatePickerView.swift in Sources */ = {isa = PBXBuildFile; fileRef = 417168DF1E951FF400E30160 /* AZPopupDatePickerView.swift */; };
		4184C3A41E93DA6A00B46E9D /* AZPopupPickerView.swift in Sources */ = {isa = PBXBuildFile; fileRef = 4184C3A31E93DA6A00B46E9D /* AZPopupPickerView.swift */; };
		4184C3A61E93DA8F00B46E9D /* AZPickerView.swift in Sources */ = {isa = PBXBuildFile; fileRef = 4184C3A51E93DA8F00B46E9D /* AZPickerView.swift */; };
		4184C3A81E93F8AA00B46E9D /* AZPopupView.swift in Sources */ = {isa = PBXBuildFile; fileRef = 4184C3A71E93F8AA00B46E9D /* AZPopupView.swift */; };
		4184C3AA1E941BC000B46E9D /* AZPopupViewDelegate.swift in Sources */ = {isa = PBXBuildFile; fileRef = 4184C3A91E941BC000B46E9D /* AZPopupViewDelegate.swift */; };
		4184C3B01E942E7600B46E9D /* AZButton.swift in Sources */ = {isa = PBXBuildFile; fileRef = 4184C3AF1E942E7600B46E9D /* AZButton.swift */; };
/* End PBXBuildFile section */

/* Begin PBXContainerItemProxy section */
		411233CB1E92A098004064FA /* PBXContainerItemProxy */ = {
			isa = PBXContainerItemProxy;
			containerPortal = 411233921E929FA8004064FA /* Project object */;
			proxyType = 1;
			remoteGlobalIDString = 4112339A1E929FA8004064FA;
			remoteInfo = AZViewer;
		};
/* End PBXContainerItemProxy section */

/* Begin PBXCopyFilesBuildPhase section */
		411233CD1E92A098004064FA /* Embed Frameworks */ = {
			isa = PBXCopyFilesBuildPhase;
			buildActionMask = 2147483647;
			dstPath = "";
			dstSubfolderSpec = 10;
			files = (
				411233CA1E92A098004064FA /* AZViewer.framework in Embed Frameworks */,
			);
			name = "Embed Frameworks";
			runOnlyForDeploymentPostprocessing = 0;
		};
/* End PBXCopyFilesBuildPhase section */

/* Begin PBXFileReference section */
		4112339B1E929FA8004064FA /* AZViewer.framework */ = {isa = PBXFileReference; explicitFileType = wrapper.framework; includeInIndex = 0; path = AZViewer.framework; sourceTree = BUILT_PRODUCTS_DIR; };
		4112339E1E929FA8004064FA /* AZViewer.h */ = {isa = PBXFileReference; lastKnownFileType = sourcecode.c.h; path = AZViewer.h; sourceTree = "<group>"; };
		4112339F1E929FA8004064FA /* Info.plist */ = {isa = PBXFileReference; lastKnownFileType = text.plist.xml; path = Info.plist; sourceTree = "<group>"; };
		411233AA1E929FD8004064FA /* AZViewer Example.app */ = {isa = PBXFileReference; explicitFileType = wrapper.application; includeInIndex = 0; path = "AZViewer Example.app"; sourceTree = BUILT_PRODUCTS_DIR; };
		411233AC1E929FD9004064FA /* AppDelegate.swift */ = {isa = PBXFileReference; lastKnownFileType = sourcecode.swift; path = AppDelegate.swift; sourceTree = "<group>"; };
		411233AE1E929FD9004064FA /* ViewController.swift */ = {isa = PBXFileReference; lastKnownFileType = sourcecode.swift; path = ViewController.swift; sourceTree = "<group>"; };
		411233B11E929FD9004064FA /* Base */ = {isa = PBXFileReference; lastKnownFileType = file.storyboard; name = Base; path = Base.lproj/Main.storyboard; sourceTree = "<group>"; };
		411233B31E929FD9004064FA /* Assets.xcassets */ = {isa = PBXFileReference; lastKnownFileType = folder.assetcatalog; path = Assets.xcassets; sourceTree = "<group>"; };
		411233B61E929FD9004064FA /* Base */ = {isa = PBXFileReference; lastKnownFileType = file.storyboard; name = Base; path = Base.lproj/LaunchScreen.storyboard; sourceTree = "<group>"; };
		411233B81E929FD9004064FA /* Info.plist */ = {isa = PBXFileReference; lastKnownFileType = text.plist.xml; path = Info.plist; sourceTree = "<group>"; };
		411233BC1E92A04C004064FA /* Assets.xcassets */ = {isa = PBXFileReference; lastKnownFileType = folder.assetcatalog; path = Assets.xcassets; sourceTree = "<group>"; };
		411233BE1E92A05C004064FA /* IRANSansMobile(FaNum)_Bold.ttf */ = {isa = PBXFileReference; lastKnownFileType = file; name = "IRANSansMobile(FaNum)_Bold.ttf"; path = "fonts/IRANSansMobile(FaNum)_Bold.ttf"; sourceTree = "<group>"; };
		411233BF1E92A05C004064FA /* IRANSansMobile(FaNum)_Light.ttf */ = {isa = PBXFileReference; lastKnownFileType = file; name = "IRANSansMobile(FaNum)_Light.ttf"; path = "fonts/IRANSansMobile(FaNum)_Light.ttf"; sourceTree = "<group>"; };
		411233C01E92A05C004064FA /* IRANSansMobile(FaNum)_Medium.ttf */ = {isa = PBXFileReference; lastKnownFileType = file; name = "IRANSansMobile(FaNum)_Medium.ttf"; path = "fonts/IRANSansMobile(FaNum)_Medium.ttf"; sourceTree = "<group>"; };
		411233C11E92A05C004064FA /* IRANSansMobile(FaNum)_UltraLight.ttf */ = {isa = PBXFileReference; lastKnownFileType = file; name = "IRANSansMobile(FaNum)_UltraLight.ttf"; path = "fonts/IRANSansMobile(FaNum)_UltraLight.ttf"; sourceTree = "<group>"; };
		411233C21E92A05C004064FA /* IRANSansMobile(FaNum).ttf */ = {isa = PBXFileReference; lastKnownFileType = file; name = "IRANSansMobile(FaNum).ttf"; path = "fonts/IRANSansMobile(FaNum).ttf"; sourceTree = "<group>"; };
		411233D01E92A29D004064FA /* AZBaseView.swift */ = {isa = PBXFileReference; fileEncoding = 4; lastKnownFileType = sourcecode.swift; path = AZBaseView.swift; sourceTree = "<group>"; };
		411233D21E92A2B8004064FA /* AZView.swift */ = {isa = PBXFileReference; fileEncoding = 4; lastKnownFileType = sourcecode.swift; path = AZView.swift; sourceTree = "<group>"; };
		411233D91E92B9F6004064FA /* AZHeader.swift */ = {isa = PBXFileReference; fileEncoding = 4; lastKnownFileType = sourcecode.swift; path = AZHeader.swift; sourceTree = "<group>"; };
		411233DB1E92BB3C004064FA /* AZConstraint.swift */ = {isa = PBXFileReference; fileEncoding = 4; lastKnownFileType = sourcecode.swift; path = AZConstraint.swift; sourceTree = "<group>"; };
		411C9EEC1E9A703A00AC767B /* AZStepper.swift */ = {isa = PBXFileReference; fileEncoding = 4; lastKnownFileType = sourcecode.swift; path = AZStepper.swift; sourceTree = "<group>"; };
		4123B43A1E9A526300DA5A6A /* AZLoader.swift */ = {isa = PBXFileReference; fileEncoding = 4; lastKnownFileType = sourcecode.swift; path = AZLoader.swift; sourceTree = "<group>"; };
		4123B43C1E9A547100DA5A6A /* AZIndicatorShape.swift */ = {isa = PBXFileReference; fileEncoding = 4; lastKnownFileType = sourcecode.swift; path = AZIndicatorShape.swift; sourceTree = "<group>"; };
		41258C9B1E93C77C00F35AC9 /* AZStyle.swift */ = {isa = PBXFileReference; fileEncoding = 4; lastKnownFileType = sourcecode.swift; path = AZStyle.swift; sourceTree = "<group>"; };
		41258C9D1E93C84500F35AC9 /* AZAssets.swift */ = {isa = PBXFileReference; fileEncoding = 4; lastKnownFileType = sourcecode.swift; path = AZAssets.swift; sourceTree = "<group>"; };
		41258CA01E93CC9F00F35AC9 /* UIColor+hex.swift */ = {isa = PBXFileReference; fileEncoding = 4; lastKnownFileType = sourcecode.swift; path = "UIColor+hex.swift"; sourceTree = "<group>"; };
		41258CA61E93D09D00F35AC9 /* AZLabel.swift */ = {isa = PBXFileReference; fileEncoding = 4; lastKnownFileType = sourcecode.swift; path = AZLabel.swift; sourceTree = "<group>"; };
		41258CA81E93D85400F35AC9 /* AZPickerViewDelegate.swift */ = {isa = PBXFileReference; fileEncoding = 4; lastKnownFileType = sourcecode.swift; path = AZPickerViewDelegate.swift; sourceTree = "<group>"; };
		41258CAA1E93D87900F35AC9 /* AZPicker.swift */ = {isa = PBXFileReference; fileEncoding = 4; lastKnownFileType = sourcecode.swift; path = AZPicker.swift; sourceTree = "<group>"; };
		4127709D1E9E781E00BF2D31 /* AZRadioButton.swift */ = {isa = PBXFileReference; fileEncoding = 4; lastKnownFileType = sourcecode.swift; path = AZRadioButton.swift; sourceTree = "<group>"; };
		413402BB1E948F6200F74175 /* AZCheckBox.swift */ = {isa = PBXFileReference; fileEncoding = 4; lastKnownFileType = sourcecode.swift; path = AZCheckBox.swift; sourceTree = "<group>"; };
		413402BC1E948F6200F74175 /* AZCheckBoxDataSource.swift */ = {isa = PBXFileReference; fileEncoding = 4; lastKnownFileType = sourcecode.swift; path = AZCheckBoxDataSource.swift; sourceTree = "<group>"; };
		413402BD1E948F6200F74175 /* AZCheckBoxTableViewCell.swift */ = {isa = PBXFileReference; fileEncoding = 4; lastKnownFileType = sourcecode.swift; path = AZCheckBoxTableViewCell.swift; sourceTree = "<group>"; };
		415D59351EA0D92B00B2E5A0 /* AZStepperDelegate.swift */ = {isa = PBXFileReference; fileEncoding = 4; lastKnownFileType = sourcecode.swift; path = AZStepperDelegate.swift; sourceTree = "<group>"; };
		417168D11E9505F500E30160 /* AZTextField.swift */ = {isa = PBXFileReference; fileEncoding = 4; lastKnownFileType = sourcecode.swift; path = AZTextField.swift; sourceTree = "<group>"; };
		417168D31E95089000E30160 /* AZImageView.swift */ = {isa = PBXFileReference; fileEncoding = 4; lastKnownFileType = sourcecode.swift; path = AZImageView.swift; sourceTree = "<group>"; };
		417168DF1E951FF400E30160 /* AZPopupDatePickerView.swift */ = {isa = PBXFileReference; fileEncoding = 4; lastKnownFileType = sourcecode.swift; path = AZPopupDatePickerView.swift; sourceTree = "<group>"; };
		4184C3A31E93DA6A00B46E9D /* AZPopupPickerView.swift */ = {isa = PBXFileReference; fileEncoding = 4; lastKnownFileType = sourcecode.swift; path = AZPopupPickerView.swift; sourceTree = "<group>"; };
		4184C3A51E93DA8F00B46E9D /* AZPickerView.swift */ = {isa = PBXFileReference; fileEncoding = 4; lastKnownFileType = sourcecode.swift; path = AZPickerView.swift; sourceTree = "<group>"; };
		4184C3A71E93F8AA00B46E9D /* AZPopupView.swift */ = {isa = PBXFileReference; fileEncoding = 4; lastKnownFileType = sourcecode.swift; path = AZPopupView.swift; sourceTree = "<group>"; };
		4184C3A91E941BC000B46E9D /* AZPopupViewDelegate.swift */ = {isa = PBXFileReference; fileEncoding = 4; lastKnownFileType = sourcecode.swift; path = AZPopupViewDelegate.swift; sourceTree = "<group>"; };
		4184C3AF1E942E7600B46E9D /* AZButton.swift */ = {isa = PBXFileReference; fileEncoding = 4; lastKnownFileType = sourcecode.swift; path = AZButton.swift; sourceTree = "<group>"; };
/* End PBXFileReference section */

/* Begin PBXFrameworksBuildPhase section */
		411233971E929FA8004064FA /* Frameworks */ = {
			isa = PBXFrameworksBuildPhase;
			buildActionMask = 2147483647;
			files = (
			);
			runOnlyForDeploymentPostprocessing = 0;
		};
		411233A71E929FD8004064FA /* Frameworks */ = {
			isa = PBXFrameworksBuildPhase;
			buildActionMask = 2147483647;
			files = (
				411233C91E92A098004064FA /* AZViewer.framework in Frameworks */,
			);
			runOnlyForDeploymentPostprocessing = 0;
		};
/* End PBXFrameworksBuildPhase section */

/* Begin PBXGroup section */
		411233911E929FA8004064FA = {
			isa = PBXGroup;
			children = (
				4112339D1E929FA8004064FA /* AZViewer */,
				411233AB1E929FD9004064FA /* AZViewer Example */,
				4112339C1E929FA8004064FA /* Products */,
			);
			sourceTree = "<group>";
		};
		4112339C1E929FA8004064FA /* Products */ = {
			isa = PBXGroup;
			children = (
				4112339B1E929FA8004064FA /* AZViewer.framework */,
				411233AA1E929FD8004064FA /* AZViewer Example.app */,
			);
			name = Products;
			sourceTree = "<group>";
		};
		4112339D1E929FA8004064FA /* AZViewer */ = {
			isa = PBXGroup;
			children = (
				411233BC1E92A04C004064FA /* Assets.xcassets */,
				4112339E1E929FA8004064FA /* AZViewer.h */,
				4112339F1E929FA8004064FA /* Info.plist */,
				411233D01E92A29D004064FA /* AZBaseView.swift */,
				411233D21E92A2B8004064FA /* AZView.swift */,
				4184C3A71E93F8AA00B46E9D /* AZPopupView.swift */,
				4184C3A91E941BC000B46E9D /* AZPopupViewDelegate.swift */,
				411233DB1E92BB3C004064FA /* AZConstraint.swift */,
				41258CA31E93D05800F35AC9 /* Extension Master Class */,
				41258CA21E93D02A00F35AC9 /* Element */,
				41258C9F1E93C9A500F35AC9 /* Assets & Style */,
				413402BA1E948F5500F74175 /* AZCheckBox */,
				411233D41E92A5EB004064FA /* AZPickerView */,
				4123B4391E9A4F7E00DA5A6A /* AZLoader */,
				411C9EEC1E9A703A00AC767B /* AZStepper.swift */,
				415D59351EA0D92B00B2E5A0 /* AZStepperDelegate.swift */,
				411233C81E92A064004064FA /* fonts */,
			);
			path = AZViewer;
			sourceTree = "<group>";
		};
		411233AB1E929FD9004064FA /* AZViewer Example */ = {
			isa = PBXGroup;
			children = (
				411233AC1E929FD9004064FA /* AppDelegate.swift */,
				411233AE1E929FD9004064FA /* ViewController.swift */,
				411233B01E929FD9004064FA /* Main.storyboard */,
				411233B31E929FD9004064FA /* Assets.xcassets */,
				411233B51E929FD9004064FA /* LaunchScreen.storyboard */,
				411233B81E929FD9004064FA /* Info.plist */,
			);
			path = "AZViewer Example";
			sourceTree = "<group>";
		};
		411233C81E92A064004064FA /* fonts */ = {
			isa = PBXGroup;
			children = (
				411233BE1E92A05C004064FA /* IRANSansMobile(FaNum)_Bold.ttf */,
				411233BF1E92A05C004064FA /* IRANSansMobile(FaNum)_Light.ttf */,
				411233C01E92A05C004064FA /* IRANSansMobile(FaNum)_Medium.ttf */,
				411233C11E92A05C004064FA /* IRANSansMobile(FaNum)_UltraLight.ttf */,
				411233C21E92A05C004064FA /* IRANSansMobile(FaNum).ttf */,
			);
			name = fonts;
			sourceTree = "<group>";
		};
		411233D41E92A5EB004064FA /* AZPickerView */ = {
			isa = PBXGroup;
			children = (
				41258CAA1E93D87900F35AC9 /* AZPicker.swift */,
				4184C3A31E93DA6A00B46E9D /* AZPopupPickerView.swift */,
				41258CA81E93D85400F35AC9 /* AZPickerViewDelegate.swift */,
				417168DF1E951FF400E30160 /* AZPopupDatePickerView.swift */,
			);
			name = AZPickerView;
			sourceTree = "<group>";
		};
		4123B4391E9A4F7E00DA5A6A /* AZLoader */ = {
			isa = PBXGroup;
			children = (
				4123B43C1E9A547100DA5A6A /* AZIndicatorShape.swift */,
				4123B43A1E9A526300DA5A6A /* AZLoader.swift */,
			);
			name = AZLoader;
			sourceTree = "<group>";
		};
		41258C9F1E93C9A500F35AC9 /* Assets & Style */ = {
			isa = PBXGroup;
			children = (
				41258C9D1E93C84500F35AC9 /* AZAssets.swift */,
				41258C9B1E93C77C00F35AC9 /* AZStyle.swift */,
			);
			name = "Assets & Style";
			sourceTree = "<group>";
		};
		41258CA21E93D02A00F35AC9 /* Element */ = {
			isa = PBXGroup;
			children = (
				41258CA61E93D09D00F35AC9 /* AZLabel.swift */,
				4184C3A51E93DA8F00B46E9D /* AZPickerView.swift */,
				4184C3AF1E942E7600B46E9D /* AZButton.swift */,
				417168D11E9505F500E30160 /* AZTextField.swift */,
				417168D31E95089000E30160 /* AZImageView.swift */,
				411233D91E92B9F6004064FA /* AZHeader.swift */,
			);
			name = Element;
			sourceTree = "<group>";
		};
		41258CA31E93D05800F35AC9 /* Extension Master Class */ = {
			isa = PBXGroup;
			children = (
				41258CA01E93CC9F00F35AC9 /* UIColor+hex.swift */,
			);
			name = "Extension Master Class";
			sourceTree = "<group>";
		};
		413402BA1E948F5500F74175 /* AZCheckBox */ = {
			isa = PBXGroup;
			children = (
				413402BB1E948F6200F74175 /* AZCheckBox.swift */,
				4127709D1E9E781E00BF2D31 /* AZRadioButton.swift */,
				413402BC1E948F6200F74175 /* AZCheckBoxDataSource.swift */,
				413402BD1E948F6200F74175 /* AZCheckBoxTableViewCell.swift */,
			);
			name = AZCheckBox;
			sourceTree = "<group>";
		};
/* End PBXGroup section */

/* Begin PBXHeadersBuildPhase section */
		411233981E929FA8004064FA /* Headers */ = {
			isa = PBXHeadersBuildPhase;
			buildActionMask = 2147483647;
			files = (
				411233A01E929FA8004064FA /* AZViewer.h in Headers */,
			);
			runOnlyForDeploymentPostprocessing = 0;
		};
/* End PBXHeadersBuildPhase section */

/* Begin PBXNativeTarget section */
		4112339A1E929FA8004064FA /* AZViewer */ = {
			isa = PBXNativeTarget;
			buildConfigurationList = 411233A31E929FA8004064FA /* Build configuration list for PBXNativeTarget "AZViewer" */;
			buildPhases = (
				411233961E929FA8004064FA /* Sources */,
				411233971E929FA8004064FA /* Frameworks */,
				411233981E929FA8004064FA /* Headers */,
				411233991E929FA8004064FA /* Resources */,
			);
			buildRules = (
			);
			dependencies = (
			);
			name = AZViewer;
			productName = AZViewer;
			productReference = 4112339B1E929FA8004064FA /* AZViewer.framework */;
			productType = "com.apple.product-type.framework";
		};
		411233A91E929FD8004064FA /* AZViewer Example */ = {
			isa = PBXNativeTarget;
			buildConfigurationList = 411233B91E929FD9004064FA /* Build configuration list for PBXNativeTarget "AZViewer Example" */;
			buildPhases = (
				411233A61E929FD8004064FA /* Sources */,
				411233A71E929FD8004064FA /* Frameworks */,
				411233A81E929FD8004064FA /* Resources */,
				411233CD1E92A098004064FA /* Embed Frameworks */,
			);
			buildRules = (
			);
			dependencies = (
				411233CC1E92A098004064FA /* PBXTargetDependency */,
			);
			name = "AZViewer Example";
			productName = "AZViewer Example";
			productReference = 411233AA1E929FD8004064FA /* AZViewer Example.app */;
			productType = "com.apple.product-type.application";
		};
/* End PBXNativeTarget section */

/* Begin PBXProject section */
		411233921E929FA8004064FA /* Project object */ = {
			isa = PBXProject;
			attributes = {
				LastSwiftUpdateCheck = 0800;
				LastUpgradeCheck = 0800;
				ORGANIZATIONNAME = "Ali Zahedi";
				TargetAttributes = {
					4112339A1E929FA8004064FA = {
						CreatedOnToolsVersion = 8.0;
						LastSwiftMigration = 0800;
						ProvisioningStyle = Manual;
					};
					411233A91E929FD8004064FA = {
						CreatedOnToolsVersion = 8.0;
						DevelopmentTeam = X3XK83SQUW;
						ProvisioningStyle = Automatic;
					};
				};
			};
			buildConfigurationList = 411233951E929FA8004064FA /* Build configuration list for PBXProject "AZViewer" */;
			compatibilityVersion = "Xcode 3.2";
			developmentRegion = English;
			hasScannedForEncodings = 0;
			knownRegions = (
				en,
				Base,
			);
			mainGroup = 411233911E929FA8004064FA;
			productRefGroup = 4112339C1E929FA8004064FA /* Products */;
			projectDirPath = "";
			projectRoot = "";
			targets = (
				4112339A1E929FA8004064FA /* AZViewer */,
				411233A91E929FD8004064FA /* AZViewer Example */,
			);
		};
/* End PBXProject section */

/* Begin PBXResourcesBuildPhase section */
		411233991E929FA8004064FA /* Resources */ = {
			isa = PBXResourcesBuildPhase;
			buildActionMask = 2147483647;
			files = (
				411233BD1E92A04C004064FA /* Assets.xcassets in Resources */,
				411233C41E92A05C004064FA /* IRANSansMobile(FaNum)_Light.ttf in Resources */,
				411233C51E92A05C004064FA /* IRANSansMobile(FaNum)_Medium.ttf in Resources */,
				411233C31E92A05C004064FA /* IRANSansMobile(FaNum)_Bold.ttf in Resources */,
				411233C71E92A05C004064FA /* IRANSansMobile(FaNum).ttf in Resources */,
				411233C61E92A05C004064FA /* IRANSansMobile(FaNum)_UltraLight.ttf in Resources */,
			);
			runOnlyForDeploymentPostprocessing = 0;
		};
		411233A81E929FD8004064FA /* Resources */ = {
			isa = PBXResourcesBuildPhase;
			buildActionMask = 2147483647;
			files = (
				411233B71E929FD9004064FA /* LaunchScreen.storyboard in Resources */,
				411233B41E929FD9004064FA /* Assets.xcassets in Resources */,
				411233B21E929FD9004064FA /* Main.storyboard in Resources */,
			);
			runOnlyForDeploymentPostprocessing = 0;
		};
/* End PBXResourcesBuildPhase section */

/* Begin PBXSourcesBuildPhase section */
		411233961E929FA8004064FA /* Sources */ = {
			isa = PBXSourcesBuildPhase;
			buildActionMask = 2147483647;
			files = (
				411C9EED1E9A703A00AC767B /* AZStepper.swift in Sources */,
				415D59361EA0D92B00B2E5A0 /* AZStepperDelegate.swift in Sources */,
				411233D11E92A29D004064FA /* AZBaseView.swift in Sources */,
				41258CA11E93CC9F00F35AC9 /* UIColor+hex.swift in Sources */,
				411233DA1E92B9F6004064FA /* AZHeader.swift in Sources */,
				4123B43B1E9A526300DA5A6A /* AZLoader.swift in Sources */,
				41258C9C1E93C77C00F35AC9 /* AZStyle.swift in Sources */,
				4184C3A81E93F8AA00B46E9D /* AZPopupView.swift in Sources */,
				417168D41E95089000E30160 /* AZImageView.swift in Sources */,
				411233DC1E92BB3C004064FA /* AZConstraint.swift in Sources */,
				4184C3A61E93DA8F00B46E9D /* AZPickerView.swift in Sources */,
				41258CA71E93D09D00F35AC9 /* AZLabel.swift in Sources */,
				4184C3A41E93DA6A00B46E9D /* AZPopupPickerView.swift in Sources */,
				4184C3B01E942E7600B46E9D /* AZButton.swift in Sources */,
				41258CA91E93D85400F35AC9 /* AZPickerViewDelegate.swift in Sources */,
				413402BF1E948F6200F74175 /* AZCheckBoxDataSource.swift in Sources */,
				411233D31E92A2B8004064FA /* AZView.swift in Sources */,
				41258C9E1E93C84500F35AC9 /* AZAssets.swift in Sources */,
				413402BE1E948F6200F74175 /* AZCheckBox.swift in Sources */,
				417168E01E951FF400E30160 /* AZPopupDatePickerView.swift in Sources */,
				41258CAB1E93D87900F35AC9 /* AZPicker.swift in Sources */,
				4184C3AA1E941BC000B46E9D /* AZPopupViewDelegate.swift in Sources */,
				4123B43D1E9A547100DA5A6A /* AZIndicatorShape.swift in Sources */,
				413402C01E948F6200F74175 /* AZCheckBoxTableViewCell.swift in Sources */,
				417168D21E9505F500E30160 /* AZTextField.swift in Sources */,
				4127709E1E9E781E00BF2D31 /* AZRadioButton.swift in Sources */,
			);
			runOnlyForDeploymentPostprocessing = 0;
		};
		411233A61E929FD8004064FA /* Sources */ = {
			isa = PBXSourcesBuildPhase;
			buildActionMask = 2147483647;
			files = (
				411233AF1E929FD9004064FA /* ViewController.swift in Sources */,
				411233AD1E929FD9004064FA /* AppDelegate.swift in Sources */,
			);
			runOnlyForDeploymentPostprocessing = 0;
		};
/* End PBXSourcesBuildPhase section */

/* Begin PBXTargetDependency section */
		411233CC1E92A098004064FA /* PBXTargetDependency */ = {
			isa = PBXTargetDependency;
			target = 4112339A1E929FA8004064FA /* AZViewer */;
			targetProxy = 411233CB1E92A098004064FA /* PBXContainerItemProxy */;
		};
/* End PBXTargetDependency section */

/* Begin PBXVariantGroup section */
		411233B01E929FD9004064FA /* Main.storyboard */ = {
			isa = PBXVariantGroup;
			children = (
				411233B11E929FD9004064FA /* Base */,
			);
			name = Main.storyboard;
			sourceTree = "<group>";
		};
		411233B51E929FD9004064FA /* LaunchScreen.storyboard */ = {
			isa = PBXVariantGroup;
			children = (
				411233B61E929FD9004064FA /* Base */,
			);
			name = LaunchScreen.storyboard;
			sourceTree = "<group>";
		};
/* End PBXVariantGroup section */

/* Begin XCBuildConfiguration section */
		411233A11E929FA8004064FA /* Debug */ = {
			isa = XCBuildConfiguration;
			buildSettings = {
				ALWAYS_SEARCH_USER_PATHS = NO;
				CLANG_ANALYZER_NONNULL = YES;
				CLANG_CXX_LANGUAGE_STANDARD = "gnu++0x";
				CLANG_CXX_LIBRARY = "libc++";
				CLANG_ENABLE_MODULES = YES;
				CLANG_ENABLE_OBJC_ARC = YES;
				CLANG_WARN_BOOL_CONVERSION = YES;
				CLANG_WARN_CONSTANT_CONVERSION = YES;
				CLANG_WARN_DIRECT_OBJC_ISA_USAGE = YES_ERROR;
				CLANG_WARN_DOCUMENTATION_COMMENTS = YES;
				CLANG_WARN_EMPTY_BODY = YES;
				CLANG_WARN_ENUM_CONVERSION = YES;
				CLANG_WARN_INFINITE_RECURSION = YES;
				CLANG_WARN_INT_CONVERSION = YES;
				CLANG_WARN_OBJC_ROOT_CLASS = YES_ERROR;
				CLANG_WARN_SUSPICIOUS_MOVES = YES;
				CLANG_WARN_UNREACHABLE_CODE = YES;
				CLANG_WARN__DUPLICATE_METHOD_MATCH = YES;
				"CODE_SIGN_IDENTITY[sdk=iphoneos*]" = "iPhone Developer";
				COPY_PHASE_STRIP = NO;
				CURRENT_PROJECT_VERSION = 1;
				DEBUG_INFORMATION_FORMAT = dwarf;
				ENABLE_STRICT_OBJC_MSGSEND = YES;
				ENABLE_TESTABILITY = YES;
				GCC_C_LANGUAGE_STANDARD = gnu99;
				GCC_DYNAMIC_NO_PIC = NO;
				GCC_NO_COMMON_BLOCKS = YES;
				GCC_OPTIMIZATION_LEVEL = 0;
				GCC_PREPROCESSOR_DEFINITIONS = (
					"DEBUG=1",
					"$(inherited)",
				);
				GCC_WARN_64_TO_32_BIT_CONVERSION = YES;
				GCC_WARN_ABOUT_RETURN_TYPE = YES_ERROR;
				GCC_WARN_UNDECLARED_SELECTOR = YES;
				GCC_WARN_UNINITIALIZED_AUTOS = YES_AGGRESSIVE;
				GCC_WARN_UNUSED_FUNCTION = YES;
				GCC_WARN_UNUSED_VARIABLE = YES;
				IPHONEOS_DEPLOYMENT_TARGET = 10.0;
				MTL_ENABLE_DEBUG_INFO = YES;
				ONLY_ACTIVE_ARCH = YES;
				SDKROOT = iphoneos;
				SWIFT_ACTIVE_COMPILATION_CONDITIONS = DEBUG;
				SWIFT_OPTIMIZATION_LEVEL = "-Onone";
				TARGETED_DEVICE_FAMILY = "1,2";
				VERSIONING_SYSTEM = "apple-generic";
				VERSION_INFO_PREFIX = "";
			};
			name = Debug;
		};
		411233A21E929FA8004064FA /* Release */ = {
			isa = XCBuildConfiguration;
			buildSettings = {
				ALWAYS_SEARCH_USER_PATHS = NO;
				CLANG_ANALYZER_NONNULL = YES;
				CLANG_CXX_LANGUAGE_STANDARD = "gnu++0x";
				CLANG_CXX_LIBRARY = "libc++";
				CLANG_ENABLE_MODULES = YES;
				CLANG_ENABLE_OBJC_ARC = YES;
				CLANG_WARN_BOOL_CONVERSION = YES;
				CLANG_WARN_CONSTANT_CONVERSION = YES;
				CLANG_WARN_DIRECT_OBJC_ISA_USAGE = YES_ERROR;
				CLANG_WARN_DOCUMENTATION_COMMENTS = YES;
				CLANG_WARN_EMPTY_BODY = YES;
				CLANG_WARN_ENUM_CONVERSION = YES;
				CLANG_WARN_INFINITE_RECURSION = YES;
				CLANG_WARN_INT_CONVERSION = YES;
				CLANG_WARN_OBJC_ROOT_CLASS = YES_ERROR;
				CLANG_WARN_SUSPICIOUS_MOVES = YES;
				CLANG_WARN_UNREACHABLE_CODE = YES;
				CLANG_WARN__DUPLICATE_METHOD_MATCH = YES;
				"CODE_SIGN_IDENTITY[sdk=iphoneos*]" = "iPhone Developer";
				COPY_PHASE_STRIP = NO;
				CURRENT_PROJECT_VERSION = 1;
				DEBUG_INFORMATION_FORMAT = "dwarf-with-dsym";
				ENABLE_NS_ASSERTIONS = NO;
				ENABLE_STRICT_OBJC_MSGSEND = YES;
				GCC_C_LANGUAGE_STANDARD = gnu99;
				GCC_NO_COMMON_BLOCKS = YES;
				GCC_WARN_64_TO_32_BIT_CONVERSION = YES;
				GCC_WARN_ABOUT_RETURN_TYPE = YES_ERROR;
				GCC_WARN_UNDECLARED_SELECTOR = YES;
				GCC_WARN_UNINITIALIZED_AUTOS = YES_AGGRESSIVE;
				GCC_WARN_UNUSED_FUNCTION = YES;
				GCC_WARN_UNUSED_VARIABLE = YES;
				IPHONEOS_DEPLOYMENT_TARGET = 10.0;
				MTL_ENABLE_DEBUG_INFO = NO;
				SDKROOT = iphoneos;
				SWIFT_OPTIMIZATION_LEVEL = "-Owholemodule";
				TARGETED_DEVICE_FAMILY = "1,2";
				VALIDATE_PRODUCT = YES;
				VERSIONING_SYSTEM = "apple-generic";
				VERSION_INFO_PREFIX = "";
			};
			name = Release;
		};
		411233A41E929FA8004064FA /* Debug */ = {
			isa = XCBuildConfiguration;
			buildSettings = {
				CLANG_ENABLE_MODULES = YES;
				CODE_SIGN_IDENTITY = "";
				DEFINES_MODULE = YES;
				DEVELOPMENT_TEAM = "";
				DYLIB_COMPATIBILITY_VERSION = 1;
				DYLIB_CURRENT_VERSION = 1;
				DYLIB_INSTALL_NAME_BASE = "@rpath";
				INFOPLIST_FILE = AZViewer/Info.plist;
				INSTALL_PATH = "$(LOCAL_LIBRARY_DIR)/Frameworks";
				IPHONEOS_DEPLOYMENT_TARGET = 8.0;
				LD_RUNPATH_SEARCH_PATHS = "$(inherited) @executable_path/Frameworks @loader_path/Frameworks";
				PRODUCT_BUNDLE_IDENTIFIER = pro.zahedi.AZViewer;
				PRODUCT_NAME = "$(TARGET_NAME)";
				SKIP_INSTALL = YES;
				SWIFT_OPTIMIZATION_LEVEL = "-Onone";
				SWIFT_VERSION = 3.0;
			};
			name = Debug;
		};
		411233A51E929FA8004064FA /* Release */ = {
			isa = XCBuildConfiguration;
			buildSettings = {
				CLANG_ENABLE_MODULES = YES;
				CODE_SIGN_IDENTITY = "";
				DEFINES_MODULE = YES;
				DEVELOPMENT_TEAM = "";
				DYLIB_COMPATIBILITY_VERSION = 1;
				DYLIB_CURRENT_VERSION = 1;
				DYLIB_INSTALL_NAME_BASE = "@rpath";
				INFOPLIST_FILE = AZViewer/Info.plist;
				INSTALL_PATH = "$(LOCAL_LIBRARY_DIR)/Frameworks";
				IPHONEOS_DEPLOYMENT_TARGET = 8.0;
				LD_RUNPATH_SEARCH_PATHS = "$(inherited) @executable_path/Frameworks @loader_path/Frameworks";
				PRODUCT_BUNDLE_IDENTIFIER = pro.zahedi.AZViewer;
				PRODUCT_NAME = "$(TARGET_NAME)";
				SKIP_INSTALL = YES;
				SWIFT_VERSION = 3.0;
			};
			name = Release;
		};
		411233BA1E929FD9004064FA /* Debug */ = {
			isa = XCBuildConfiguration;
			buildSettings = {
				ALWAYS_EMBED_SWIFT_STANDARD_LIBRARIES = YES;
				ASSETCATALOG_COMPILER_APPICON_NAME = AppIcon;
				"CODE_SIGN_IDENTITY[sdk=iphoneos*]" = "iPhone Developer";
				DEVELOPMENT_TEAM = X3XK83SQUW;
				INFOPLIST_FILE = "AZViewer Example/Info.plist";
				IPHONEOS_DEPLOYMENT_TARGET = 9.0;
				LD_RUNPATH_SEARCH_PATHS = "$(inherited) @executable_path/Frameworks";
				PRODUCT_BUNDLE_IDENTIFIER = "pro.zahedi.AZViewer-Example";
				PRODUCT_NAME = "$(TARGET_NAME)";
				SWIFT_VERSION = 3.0;
			};
			name = Debug;
		};
		411233BB1E929FD9004064FA /* Release */ = {
			isa = XCBuildConfiguration;
			buildSettings = {
				ALWAYS_EMBED_SWIFT_STANDARD_LIBRARIES = YES;
				ASSETCATALOG_COMPILER_APPICON_NAME = AppIcon;
				"CODE_SIGN_IDENTITY[sdk=iphoneos*]" = "iPhone Developer";
				DEVELOPMENT_TEAM = X3XK83SQUW;
				INFOPLIST_FILE = "AZViewer Example/Info.plist";
				IPHONEOS_DEPLOYMENT_TARGET = 9.0;
				LD_RUNPATH_SEARCH_PATHS = "$(inherited) @executable_path/Frameworks";
				PRODUCT_BUNDLE_IDENTIFIER = "pro.zahedi.AZViewer-Example";
				PRODUCT_NAME = "$(TARGET_NAME)";
				SWIFT_VERSION = 3.0;
			};
			name = Release;
		};
/* End XCBuildConfiguration section */

/* Begin XCConfigurationList section */
		411233951E929FA8004064FA /* Build configuration list for PBXProject "AZViewer" */ = {
			isa = XCConfigurationList;
			buildConfigurations = (
				411233A11E929FA8004064FA /* Debug */,
				411233A21E929FA8004064FA /* Release */,
			);
			defaultConfigurationIsVisible = 0;
			defaultConfigurationName = Release;
		};
		411233A31E929FA8004064FA /* Build configuration list for PBXNativeTarget "AZViewer" */ = {
			isa = XCConfigurationList;
			buildConfigurations = (
				411233A41E929FA8004064FA /* Debug */,
				411233A51E929FA8004064FA /* Release */,
			);
			defaultConfigurationIsVisible = 0;
			defaultConfigurationName = Release;
		};
		411233B91E929FD9004064FA /* Build configuration list for PBXNativeTarget "AZViewer Example" */ = {
			isa = XCConfigurationList;
			buildConfigurations = (
				411233BA1E929FD9004064FA /* Debug */,
				411233BB1E929FD9004064FA /* Release */,
			);
			defaultConfigurationIsVisible = 0;
			defaultConfigurationName = Release;
		};
/* End XCConfigurationList section */
	};
	rootObject = 411233921E929FA8004064FA /* Project object */;
}
